
Microsoft Visual Studio Solution File, Format Version 12.00
# Visual Studio Version 16
VisualStudioVersion = 16.0.31321.278
MinimumVisualStudioVersion = 10.0.40219.1
Project("{FAE04EC0-301F-11D3-BF4B-00C04F79EFBC}") = "userApi", "userApi.csproj", "{2F22E7E5-5929-4697-8FD4-7870E088D9DB}"
EndProject
Global
	GlobalSection(SolutionConfigurationPlatforms) = preSolution
		Debug|Any CPU = Debug|Any CPU
		Release|Any CPU = Release|Any CPU
	EndGlobalSection
	GlobalSection(ProjectConfigurationPlatforms) = postSolution
		{2F22E7E5-5929-4697-8FD4-7870E088D9DB}.Debug|Any CPU.ActiveCfg = Debug|Any CPU
		{2F22E7E5-5929-4697-8FD4-7870E088D9DB}.Debug|Any CPU.Build.0 = Debug|Any CPU
		{2F22E7E5-5929-4697-8FD4-7870E088D9DB}.Release|Any CPU.ActiveCfg = Release|Any CPU
		{2F22E7E5-5929-4697-8FD4-7870E088D9DB}.Release|Any CPU.Build.0 = Release|Any CPU
	EndGlobalSection
	GlobalSection(SolutionProperties) = preSolution
		HideSolutionNode = FALSE
	EndGlobalSection
	GlobalSection(ExtensibilityGlobals) = postSolution
		SolutionGuid = {E008254A-CC9A-4A25-ACCD-3616D60C9FC7}
	EndGlobalSection
EndGlobal
